
Microsoft Visual Studio Solution File, Format Version 12.00
# Visual Studio Version 17
VisualStudioVersion = 17.11.35219.272
MinimumVisualStudioVersion = 10.0.40219.1
Project("{FAE04EC0-301F-11D3-BF4B-00C04F79EFBC}") = "st10275468_PROG6212_POE_ThomasK_gr03", "st10275468_PROG6212_POE_ThomasK_gr03\st10275468_PROG6212_POE_ThomasK_gr03.csproj", "{E351CC9C-E575-439E-8218-667CA56CF454}"
EndProject
Global
	GlobalSection(SolutionConfigurationPlatforms) = preSolution
		Debug|Any CPU = Debug|Any CPU
		Release|Any CPU = Release|Any CPU
	EndGlobalSection
	GlobalSection(ProjectConfigurationPlatforms) = postSolution
		{E351CC9C-E575-439E-8218-667CA56CF454}.Debug|Any CPU.ActiveCfg = Debug|Any CPU
		{E351CC9C-E575-439E-8218-667CA56CF454}.Debug|Any CPU.Build.0 = Debug|Any CPU
		{E351CC9C-E575-439E-8218-667CA56CF454}.Release|Any CPU.ActiveCfg = Release|Any CPU
		{E351CC9C-E575-439E-8218-667CA56CF454}.Release|Any CPU.Build.0 = Release|Any CPU
	EndGlobalSection
	GlobalSection(SolutionProperties) = preSolution
		HideSolutionNode = FALSE
	EndGlobalSection
	GlobalSection(ExtensibilityGlobals) = postSolution
		SolutionGuid = {92D16313-2D2E-4DB1-B07B-BBCF80309F19}
	EndGlobalSection
EndGlobal
